// !$*UTF8*$!
{
	archiveVersion = 1;
	classes = {
	};
	objectVersion = 50;
	objects = {

/* Begin PBXFileReference section */
		C02D8DD927AB583B007449D4 /* pA_3.h */ = {isa = PBXFileReference; lastKnownFileType = sourcecode.c.h; path = pA_3.h; sourceTree = "<group>"; };
		C02D8DDA27AB583B007449D4 /* pA_3.c */ = {isa = PBXFileReference; lastKnownFileType = sourcecode.c.c; path = pA_3.c; sourceTree = "<group>"; };
		C02D8DDB27AB66C1007449D4 /* Makefile.h */ = {isa = PBXFileReference; lastKnownFileType = sourcecode.c.h; path = Makefile.h; sourceTree = "<group>"; };
		C02D8DDC27AB66C1007449D4 /* Makefile.mv */ = {isa = PBXFileReference; lastKnownFileType = text; path = Makefile.mv; sourceTree = "<group>"; };
/* End PBXFileReference section */

/* Begin PBXGroup section */
		C02D8DD027AB57CC007449D4 = {
			isa = PBXGroup;
			children = (
				C02D8DD927AB583B007449D4 /* pA_3.h */,
				C02D8DDA27AB583B007449D4 /* pA_3.c */,
				C02D8DDB27AB66C1007449D4 /* Makefile.h */,
				C02D8DDC27AB66C1007449D4 /* Makefile.mv */,
			);
			sourceTree = "<group>";
		};
/* End PBXGroup section */

/* Begin PBXProject section */
		C02D8DD127AB57CC007449D4 /* Project object */ = {
			isa = PBXProject;
			attributes = {
				LastUpgradeCheck = 1250;
			};
			buildConfigurationList = C02D8DD427AB57CC007449D4 /* Build configuration list for PBXProject "pA_3.4" */;
			compatibilityVersion = "Xcode 9.3";
			developmentRegion = en;
			hasScannedForEncodings = 0;
			knownRegions = (
				en,
				Base,
			);
			mainGroup = C02D8DD027AB57CC007449D4;
			projectDirPath = "";
			projectRoot = "";
			targets = (
			);
		};
/* End PBXProject section */

/* Begin XCBuildConfiguration section */
		C02D8DD527AB57CC007449D4 /* Debug */ = {
			isa = XCBuildConfiguration;
			buildSettings = {
			};
			name = Debug;
		};
		C02D8DD627AB57CC007449D4 /* Release */ = {
			isa = XCBuildConfiguration;
			buildSettings = {
			};
			name = Release;
		};
/* End XCBuildConfiguration section */

/* Begin XCConfigurationList section */
		C02D8DD427AB57CC007449D4 /* Build configuration list for PBXProject "pA_3.4" */ = {
			isa = XCConfigurationList;
			buildConfigurations = (
				C02D8DD527AB57CC007449D4 /* Debug */,
				C02D8DD627AB57CC007449D4 /* Release */,
			);
			defaultConfigurationIsVisible = 0;
			defaultConfigurationName = Release;
		};
/* End XCConfigurationList section */
	};
	rootObject = C02D8DD127AB57CC007449D4 /* Project object */;
}
