// !$*UTF8*$!
{
	archiveVersion = 1;
	classes = {
	};
	objectVersion = 50;
	objects = {

/* Begin PBXFileReference section */
		C03FCB5D27B1EEEA00E7BDF6 /* ch_4_sa.h */ = {isa = PBXFileReference; lastKnownFileType = sourcecode.c.h; path = ch_4_sa.h; sourceTree = "<group>"; };
		C03FCB5E27B1EEEA00E7BDF6 /* ch_4_sa.c */ = {isa = PBXFileReference; lastKnownFileType = sourcecode.c.c; path = ch_4_sa.c; sourceTree = "<group>"; };
/* End PBXFileReference section */

/* Begin PBXGroup section */
		C03FCB5627B1EEBE00E7BDF6 = {
			isa = PBXGroup;
			children = (
				C03FCB5D27B1EEEA00E7BDF6 /* ch_4_sa.h */,
				C03FCB5E27B1EEEA00E7BDF6 /* ch_4_sa.c */,
			);
			sourceTree = "<group>";
		};
/* End PBXGroup section */

/* Begin PBXProject section */
		C03FCB5727B1EEBE00E7BDF6 /* Project object */ = {
			isa = PBXProject;
			attributes = {
				LastUpgradeCheck = 1250;
			};
			buildConfigurationList = C03FCB5A27B1EEBE00E7BDF6 /* Build configuration list for PBXProject "hw03_wrk" */;
			compatibilityVersion = "Xcode 9.3";
			developmentRegion = en;
			hasScannedForEncodings = 0;
			knownRegions = (
				en,
				Base,
			);
			mainGroup = C03FCB5627B1EEBE00E7BDF6;
			projectDirPath = "";
			projectRoot = "";
			targets = (
			);
		};
/* End PBXProject section */

/* Begin XCBuildConfiguration section */
		C03FCB5B27B1EEBE00E7BDF6 /* Debug */ = {
			isa = XCBuildConfiguration;
			buildSettings = {
			};
			name = Debug;
		};
		C03FCB5C27B1EEBE00E7BDF6 /* Release */ = {
			isa = XCBuildConfiguration;
			buildSettings = {
			};
			name = Release;
		};
/* End XCBuildConfiguration section */

/* Begin XCConfigurationList section */
		C03FCB5A27B1EEBE00E7BDF6 /* Build configuration list for PBXProject "hw03_wrk" */ = {
			isa = XCConfigurationList;
			buildConfigurations = (
				C03FCB5B27B1EEBE00E7BDF6 /* Debug */,
				C03FCB5C27B1EEBE00E7BDF6 /* Release */,
			);
			defaultConfigurationIsVisible = 0;
			defaultConfigurationName = Release;
		};
/* End XCConfigurationList section */
	};
	rootObject = C03FCB5727B1EEBE00E7BDF6 /* Project object */;
}
